
Microsoft Visual Studio Solution File, Format Version 12.00
# Visual Studio Version 17
VisualStudioVersion = 17.13.35825.156 d17.13
MinimumVisualStudioVersion = 10.0.40219.1
Project("{FAE04EC0-301F-11D3-BF4B-00C04F79EFBC}") = "Projeto Jogos", "Projeto Jogos.csproj", "{D9DC3F63-12A0-4C4F-91A4-CF58F2123A36}"
EndProject
Global
	GlobalSection(SolutionConfigurationPlatforms) = preSolution
		Debug|Any CPU = Debug|Any CPU
		Release|Any CPU = Release|Any CPU
	EndGlobalSection
	GlobalSection(ProjectConfigurationPlatforms) = postSolution
		{D9DC3F63-12A0-4C4F-91A4-CF58F2123A36}.Debug|Any CPU.ActiveCfg = Debug|Any CPU
		{D9DC3F63-12A0-4C4F-91A4-CF58F2123A36}.Debug|Any CPU.Build.0 = Debug|Any CPU
		{D9DC3F63-12A0-4C4F-91A4-CF58F2123A36}.Release|Any CPU.ActiveCfg = Release|Any CPU
		{D9DC3F63-12A0-4C4F-91A4-CF58F2123A36}.Release|Any CPU.Build.0 = Release|Any CPU
	EndGlobalSection
	GlobalSection(SolutionProperties) = preSolution
		HideSolutionNode = FALSE
	EndGlobalSection
	GlobalSection(ExtensibilityGlobals) = postSolution
		SolutionGuid = {BD7D2E83-17A8-4A78-A725-AA01D578DE7E}
	EndGlobalSection
EndGlobal
